
Microsoft Visual Studio Solution File, Format Version 12.00
# Visual Studio 15
VisualStudioVersion = 15.0.28307.168
MinimumVisualStudioVersion = 10.0.40219.1
Project("{FAE04EC0-301F-11D3-BF4B-00C04F79EFBC}") = "TaxGovernment", "TaxGovernment\TaxGovernment.csproj", "{83D0C90D-43E5-482D-ACE1-C9CAD4EAD872}"
EndProject
Global
	GlobalSection(SolutionConfigurationPlatforms) = preSolution
		Debug|Any CPU = Debug|Any CPU
		Release|Any CPU = Release|Any CPU
	EndGlobalSection
	GlobalSection(ProjectConfigurationPlatforms) = postSolution
		{83D0C90D-43E5-482D-ACE1-C9CAD4EAD872}.Debug|Any CPU.ActiveCfg = Debug|Any CPU
		{83D0C90D-43E5-482D-ACE1-C9CAD4EAD872}.Debug|Any CPU.Build.0 = Debug|Any CPU
		{83D0C90D-43E5-482D-ACE1-C9CAD4EAD872}.Release|Any CPU.ActiveCfg = Release|Any CPU
		{83D0C90D-43E5-482D-ACE1-C9CAD4EAD872}.Release|Any CPU.Build.0 = Release|Any CPU
	EndGlobalSection
	GlobalSection(SolutionProperties) = preSolution
		HideSolutionNode = FALSE
	EndGlobalSection
	GlobalSection(ExtensibilityGlobals) = postSolution
		SolutionGuid = {0796FF9E-CFA1-4A61-9B06-F5580948E324}
	EndGlobalSection
EndGlobal
